
Microsoft Visual Studio Solution File, Format Version 12.00
# Visual Studio Version 17
VisualStudioVersion = 17.7.34018.315
MinimumVisualStudioVersion = 10.0.40219.1
Project("{FAE04EC0-301F-11D3-BF4B-00C04F79EFBC}") = "app_livraria_backend", "app_livraria_backend.csproj", "{156E0440-C438-41F9-BF60-04AECAE5BCAE}"
EndProject
Global
	GlobalSection(SolutionConfigurationPlatforms) = preSolution
		Debug|Any CPU = Debug|Any CPU
		Release|Any CPU = Release|Any CPU
	EndGlobalSection
	GlobalSection(ProjectConfigurationPlatforms) = postSolution
		{156E0440-C438-41F9-BF60-04AECAE5BCAE}.Debug|Any CPU.ActiveCfg = Debug|Any CPU
		{156E0440-C438-41F9-BF60-04AECAE5BCAE}.Debug|Any CPU.Build.0 = Debug|Any CPU
		{156E0440-C438-41F9-BF60-04AECAE5BCAE}.Release|Any CPU.ActiveCfg = Release|Any CPU
		{156E0440-C438-41F9-BF60-04AECAE5BCAE}.Release|Any CPU.Build.0 = Release|Any CPU
	EndGlobalSection
	GlobalSection(SolutionProperties) = preSolution
		HideSolutionNode = FALSE
	EndGlobalSection
	GlobalSection(ExtensibilityGlobals) = postSolution
		SolutionGuid = {7DDC959D-E401-4924-9BA9-53F25D183976}
	EndGlobalSection
EndGlobal
